
Microsoft Visual Studio Solution File, Format Version 12.00
# Visual Studio 15
Project("{FAE04EC0-301F-11D3-BF4B-00C04F79EFBC}") = "Assembly-CSharp", "Assembly-CSharp.csproj", "{FDC71BC4-4EAB-2124-6EC5-F360CB9ABB63}"
EndProject
Project("{FAE04EC0-301F-11D3-BF4B-00C04F79EFBC}") = "Assembly-CSharp-firstpass", "Assembly-CSharp-firstpass.csproj", "{996A3423-7F35-3258-5FF8-6CDB4487456E}"
EndProject
Project("{FAE04EC0-301F-11D3-BF4B-00C04F79EFBC}") = "Assembly-CSharp-Editor-firstpass", "Assembly-CSharp-Editor-firstpass.csproj", "{3CA4ACD6-2FCA-8768-C2B8-5CBFEC4F7EF8}"
EndProject
Global
	GlobalSection(SolutionConfigurationPlatforms) = preSolution
		Debug|Any CPU = Debug|Any CPU
		Release|Any CPU = Release|Any CPU
	EndGlobalSection
	GlobalSection(ProjectConfigurationPlatforms) = postSolution
		{FDC71BC4-4EAB-2124-6EC5-F360CB9ABB63}.Debug|Any CPU.ActiveCfg = Debug|Any CPU
		{FDC71BC4-4EAB-2124-6EC5-F360CB9ABB63}.Debug|Any CPU.Build.0 = Debug|Any CPU
		{FDC71BC4-4EAB-2124-6EC5-F360CB9ABB63}.Release|Any CPU.ActiveCfg = Release|Any CPU
		{FDC71BC4-4EAB-2124-6EC5-F360CB9ABB63}.Release|Any CPU.Build.0 = Release|Any CPU
		{996A3423-7F35-3258-5FF8-6CDB4487456E}.Debug|Any CPU.ActiveCfg = Debug|Any CPU
		{996A3423-7F35-3258-5FF8-6CDB4487456E}.Debug|Any CPU.Build.0 = Debug|Any CPU
		{996A3423-7F35-3258-5FF8-6CDB4487456E}.Release|Any CPU.ActiveCfg = Release|Any CPU
		{996A3423-7F35-3258-5FF8-6CDB4487456E}.Release|Any CPU.Build.0 = Release|Any CPU
		{3CA4ACD6-2FCA-8768-C2B8-5CBFEC4F7EF8}.Debug|Any CPU.ActiveCfg = Debug|Any CPU
		{3CA4ACD6-2FCA-8768-C2B8-5CBFEC4F7EF8}.Debug|Any CPU.Build.0 = Debug|Any CPU
		{3CA4ACD6-2FCA-8768-C2B8-5CBFEC4F7EF8}.Release|Any CPU.ActiveCfg = Release|Any CPU
		{3CA4ACD6-2FCA-8768-C2B8-5CBFEC4F7EF8}.Release|Any CPU.Build.0 = Release|Any CPU
	EndGlobalSection
	GlobalSection(SolutionProperties) = preSolution
		HideSolutionNode = FALSE
	EndGlobalSection
EndGlobal
